[[tools.aws-cli]]
version = "2.33.21"
backend = "aqua:aws/aws-cli"
"platforms.linux-x64" = { checksum = "blake3:8bfa844e45676a91578d7e14d4a118813c4ce2038110f419d9746df1b3fe26a6", url = "https://awscli.amazonaws.com/awscli-exe-linux-x86_64-2.33.21.zip"}
"platforms.macos-arm64" = { checksum = "blake3:1ac9f06e6ca7623223832c52e2bc0bd9a1fe604d49a1e55b0aa42d17b31aebec", url = "https://awscli.amazonaws.com/AWSCLIV2-2.33.21.pkg"}

[[tools.bat]]
version = "0.26.1"
backend = "aqua:sharkdp/bat"
"platforms.linux-arm64" = { checksum = "sha256:6369242c584065f195fb20cb36fbd7cb63ae690605bbe89868a7596b596c2c23", url = "https://github.com/sharkdp/bat/releases/download/v0.26.1/bat-v0.26.1-aarch64-unknown-linux-musl.tar.gz"}
"platforms.linux-x64" = { checksum = "sha256:0dcd8ac79732c0d5b136f11f4ee00e581440e16a44eab5b3105b611bbf2cf191", url = "https://github.com/sharkdp/bat/releases/download/v0.26.1/bat-v0.26.1-x86_64-unknown-linux-musl.tar.gz"}
"platforms.macos-arm64" = { checksum = "sha256:e30beff26779c9bf60bb541e1d79046250cb74378f2757f8eb250afddb19e114", url = "https://github.com/sharkdp/bat/releases/download/v0.26.1/bat-v0.26.1-aarch64-apple-darwin.tar.gz"}
"platforms.macos-x64" = { checksum = "sha256:830d63b0bba1fa040542ec569e3cf77f60d3356b9de75116a344b061e0894245", url = "https://github.com/sharkdp/bat/releases/download/v0.26.1/bat-v0.26.1-x86_64-apple-darwin.tar.gz"}
"platforms.windows-x64" = { checksum = "sha256:0f729b4b6f5f28d395c641eacc2e9ff68d0096b85aa0eec344aa62425144b69b", url = "https://github.com/sharkdp/bat/releases/download/v0.26.1/bat-v0.26.1-x86_64-pc-windows-msvc.zip"}

[[tools.bun]]
version = "1.3.9"
backend = "core:bun"
"platforms.linux-x64" = { checksum = "blake3:b1ef93f3692471e33b5b5ee7052299328b07bd0be8e6d24479978bd33beb9f26"}

[[tools.deno]]
version = "2.6.9"
backend = "core:deno"
"platforms.linux-x64" = { checksum = "blake3:8e0b8cde512c80db41adbd3e0d16e08ca4c89b14a8f20bf1cd0b34020053f121"}

[[tools.docker-cli]]
version = "29.2.1"
backend = "aqua:docker/cli"
"platforms.linux-arm64" = { url = "https://download.docker.com/linux/static/stable/aarch64/docker-29.2.1.tgz"}
"platforms.linux-x64" = { url = "https://download.docker.com/linux/static/stable/x86_64/docker-29.2.1.tgz"}
"platforms.macos-arm64" = { url = "https://download.docker.com/mac/static/stable/aarch64/docker-29.2.1.tgz"}
"platforms.macos-x64" = { url = "https://download.docker.com/mac/static/stable/x86_64/docker-29.2.1.tgz"}
"platforms.windows-x64" = { url = "https://download.docker.com/win/static/stable/x86_64/docker-29.2.1.zip"}

[[tools.docker-compose]]
version = "5.0.2"
backend = "aqua:docker/compose"
"platforms.linux-x64" = { checksum = "sha256:2d880f723d3da7c779c54fdaea91a842fca8af55d1397f1ed8d7cbab3dd7af67", url = "https://github.com/docker/compose/releases/download/v5.0.2/docker-compose-linux-x86_64"}

[[tools.dotnet]]
version = "10.0.103"
backend = "vfox:mise-plugins/vfox-dotnet"

[[tools.dotnet-core]]
version = "10.0.103"
backend = "asdf:dotnet-core"

[[tools.fd]]
version = "10.3.0"
backend = "aqua:sharkdp/fd"
"platforms.linux-arm64" = { checksum = "sha256:996b9b1366433b211cb3bbedba91c9dbce2431842144d925428ead0adf32020b", url = "https://github.com/sharkdp/fd/releases/download/v10.3.0/fd-v10.3.0-aarch64-unknown-linux-musl.tar.gz"}
"platforms.linux-x64" = { checksum = "sha256:2b6bfaae8c48f12050813c2ffe1884c61ea26e750d803df9c9114550a314cd14", url = "https://github.com/sharkdp/fd/releases/download/v10.3.0/fd-v10.3.0-x86_64-unknown-linux-musl.tar.gz"}
"platforms.macos-arm64" = { checksum = "sha256:0570263812089120bc2a5d84f9e65cd0c25e4a4d724c80075c357239c74ae904", url = "https://github.com/sharkdp/fd/releases/download/v10.3.0/fd-v10.3.0-aarch64-apple-darwin.tar.gz"}
"platforms.macos-x64" = { checksum = "sha256:50d30f13fe3d5914b14c4fff5abcbd4d0cdab4b855970a6956f4f006c17117a3", url = "https://github.com/sharkdp/fd/releases/download/v10.3.0/fd-v10.3.0-x86_64-apple-darwin.tar.gz"}
"platforms.windows-x64" = { checksum = "sha256:318aa2a6fa664325933e81fda60d523fff29444129e91ebf0726b5b3bcd8b059", url = "https://github.com/sharkdp/fd/releases/download/v10.3.0/fd-v10.3.0-x86_64-pc-windows-msvc.zip"}

[[tools.flux2]]
version = "2.7.5"
backend = "aqua:fluxcd/flux2"
"platforms.linux-arm64" = { checksum = "sha256:89d3ebb47ee5f7a0def33217e8dcb885e0bec41d01d0e23fc84e9aba0416c24e", url = "https://github.com/fluxcd/flux2/releases/download/v2.7.5/flux_2.7.5_linux_arm64.tar.gz"}
"platforms.linux-x64" = { checksum = "sha256:1e92141e8498289e4b27411385aeb18396053176cf297b0cb99abd6ca8293e75", url = "https://github.com/fluxcd/flux2/releases/download/v2.7.5/flux_2.7.5_linux_amd64.tar.gz"}
"platforms.macos-arm64" = { checksum = "sha256:79faae964badc0b08f61ef6228f636bea99c6750537634855fa8b84f75b006d8", url = "https://github.com/fluxcd/flux2/releases/download/v2.7.5/flux_2.7.5_darwin_arm64.tar.gz"}
"platforms.macos-x64" = { checksum = "sha256:2058b49ef38b5773b9aa87b3db83d68cbaf5082ecf908cbd8952a17f6af0e2e8", url = "https://github.com/fluxcd/flux2/releases/download/v2.7.5/flux_2.7.5_darwin_amd64.tar.gz"}
"platforms.windows-x64" = { checksum = "sha256:271537f7a70623344a60a749cbc7eb712faa83d1b095fc232b1dd17acadd01a1", url = "https://github.com/fluxcd/flux2/releases/download/v2.7.5/flux_2.7.5_windows_amd64.zip"}

[[tools.fzf]]
version = "0.67.0"
backend = "aqua:junegunn/fzf"
"platforms.linux-arm64" = { checksum = "sha256:7071f48c2ac0f2bc992d6d33cc36fd675a579a98cc976dda699eea07dd5e9c58", url = "https://github.com/junegunn/fzf/releases/download/v0.67.0/fzf-0.67.0-linux_arm64.tar.gz"}
"platforms.linux-x64" = { checksum = "sha256:4be08018ca37b32518c608741933ea335a406de3558242b60619e98f25be2be1", url = "https://github.com/junegunn/fzf/releases/download/v0.67.0/fzf-0.67.0-linux_amd64.tar.gz"}
"platforms.macos-arm64" = { checksum = "sha256:b7f34c964d8e52c471c933cef8ec43dc71997c266cafafd1b013bed10fc229a1", url = "https://github.com/junegunn/fzf/releases/download/v0.67.0/fzf-0.67.0-darwin_arm64.tar.gz"}
"platforms.macos-x64" = { checksum = "sha256:88dc853e0914793a2e7be0d1acfe6c922d9ccad08e3302df092399775b0279ff", url = "https://github.com/junegunn/fzf/releases/download/v0.67.0/fzf-0.67.0-darwin_amd64.tar.gz"}
"platforms.windows-x64" = { checksum = "sha256:cad95326ed416d14226a03425513b049f5bc9a41f30a355e5fe204a29e666867", url = "https://github.com/junegunn/fzf/releases/download/v0.67.0/fzf-0.67.0-windows_amd64.zip"}

[[tools.gh]]
version = "2.86.0"
backend = "aqua:cli/cli"
"platforms.linux-arm64" = { checksum = "sha256:83cf7a7962ea9dfcc2c123666695792916a87af32cba5f1f6e585db08fa57547", url = "https://github.com/cli/cli/releases/download/v2.86.0/gh_2.86.0_linux_arm64.tar.gz"}
"platforms.linux-x64" = { checksum = "sha256:f3b08bd6a28420cc2229b0a1a687fa25f2b838d3f04b297414c1041ca68103c7", url = "https://github.com/cli/cli/releases/download/v2.86.0/gh_2.86.0_linux_amd64.tar.gz"}
"platforms.macos-arm64" = { checksum = "sha256:bde753978a352c5ae6c4abec47334d516e82807af20c9dbbd45507a5a0aedaaa", url = "https://github.com/cli/cli/releases/download/v2.86.0/gh_2.86.0_macOS_arm64.zip"}
"platforms.macos-x64" = { checksum = "sha256:ced7094d05702eb54a63542abd8a1dc570b7e5ae94951844eb1626ba74bc2c60", url = "https://github.com/cli/cli/releases/download/v2.86.0/gh_2.86.0_macOS_amd64.zip"}
"platforms.windows-x64" = { checksum = "sha256:983c74a8c594366b198485187cd6d4d07638f0bf9a9948d51a2a81a5164d8bfd", url = "https://github.com/cli/cli/releases/download/v2.86.0/gh_2.86.0_windows_amd64.zip"}

[[tools.go]]
version = "1.26.0"
backend = "core:go"
"platforms.linux-x64" = { checksum = "sha256:aac1b08a0fb0c4e0a7c1555beb7b59180b05dfc5a3d62e40e9de90cd42f88235", url = "https://dl.google.com/go/go1.26.0.linux-amd64.tar.gz"}

[[tools."go:github.com/awslabs/eks-node-viewer/cmd/eks-node-viewer"]]
version = "0.7.4"
backend = "go:github.com/awslabs/eks-node-viewer/cmd/eks-node-viewer"

[[tools."go:github.com/charmbracelet/crush"]]
version = "0.42.0"
backend = "go:github.com/charmbracelet/crush"

[[tools."go:github.com/hashicorp/terraform-mcp-server/cmd/terraform-mcp-server"]]
version = "0.4.0"
backend = "go:github.com/hashicorp/terraform-mcp-server/cmd/terraform-mcp-server"

[[tools."go:golang.org/x/tools/gopls"]]
version = "0.21.1"
backend = "go:golang.org/x/tools/gopls"

[[tools.helm]]
version = "3.20.0"
backend = "aqua:helm/helm"
"platforms.linux-x64" = { checksum = "sha256:dbb4c8fc8e19d159d1a63dda8db655f9ffa4aac1b9a6b188b34a40957119b286", url = "https://get.helm.sh/helm-v3.20.0-linux-amd64.tar.gz"}
"platforms.macos-arm64" = { checksum = "sha256:1cb8022ef9c88026adf236cbdf02a80bf7678632d1c39d3d8045e815959ab20e", url = "https://get.helm.sh/helm-v3.20.0-darwin-arm64.tar.gz"}

[[tools.helm-ls]]
version = "0.5.4"
backend = "aqua:mrjosh/helm-ls"
"platforms.linux-arm64" = { checksum = "sha256:565d4a298d15e69a1bc7275a7fcf287d364668e53fdf09110d76aac5c820f78c", url = "https://github.com/mrjosh/helm-ls/releases/download/v0.5.4/helm_ls_linux_arm64"}
"platforms.linux-x64" = { checksum = "sha256:5d857ba25c461d3218bb98d9e98cb61bc948bfa92b124667d7e6ed695fe2da5f", url = "https://github.com/mrjosh/helm-ls/releases/download/v0.5.4/helm_ls_linux_amd64"}
"platforms.macos-arm64" = { checksum = "sha256:8d917fedac8aa7c0199bccb5fc54df68303d215d2c76a47b59094ea272e250c1", url = "https://github.com/mrjosh/helm-ls/releases/download/v0.5.4/helm_ls_darwin_arm64"}
"platforms.macos-x64" = { checksum = "sha256:d2e2a201ddb698c333b2408549a43bfcfbe3b03662e259bb39c8f1b0a0b1f748", url = "https://github.com/mrjosh/helm-ls/releases/download/v0.5.4/helm_ls_darwin_amd64"}
"platforms.windows-x64" = { checksum = "sha256:38ed1eea9c018365d4ba1c335c2955b067a4ae68fcfe18ed52b5dc1df51c860f", url = "https://github.com/mrjosh/helm-ls/releases/download/v0.5.4/helm_ls_windows_amd64.exe"}

[[tools.java]]
version = "25.0.2"
backend = "core:java"
"platforms.linux-x64" = { checksum = "sha256:555ce0821e4fe175ea50d54518cd6fbece9663c1998de529bc6ce429534457df", url = "https://download.java.net/java/GA/jdk25.0.2/b1e0dfa218384cb9959bdcb897162d4e/10/GPL/openjdk-25.0.2_linux-x64_bin.tar.gz"}
"platforms.macos-arm64" = { checksum = "sha256:7581b0d1752cd5acbf39e286c03f07b6cd6c205b562eb2fe753ff0253cf4c1bf", url = "https://download.java.net/java/GA/jdk25.0.2/b1e0dfa218384cb9959bdcb897162d4e/10/GPL/openjdk-25.0.2_macos-aarch64_bin.tar.gz"}

[[tools.k9s]]
version = "0.50.18"
backend = "aqua:derailed/k9s"
"platforms.linux-arm64" = { checksum = "sha256:d3dcc051d6be26ee911c00f583412802ebe203a189e51bc079332cb410c83b38", url = "https://github.com/derailed/k9s/releases/download/v0.50.18/k9s_Linux_arm64.tar.gz"}
"platforms.linux-x64" = { checksum = "sha256:0b697ed4aa80997f7de4deeed6f1fba73df191b28bf691b1f28d2f45fa2a9e9b", url = "https://github.com/derailed/k9s/releases/download/v0.50.18/k9s_Linux_amd64.tar.gz"}
"platforms.macos-arm64" = { checksum = "sha256:68ff1541c60620466989019e86101805c1b6c70a746b1561261a403801f7fd48", url = "https://github.com/derailed/k9s/releases/download/v0.50.18/k9s_Darwin_arm64.tar.gz"}
"platforms.macos-x64" = { checksum = "sha256:80f3e30767ad3603bec9664db019e85f94493aa741d7755553ee6e47876df30e", url = "https://github.com/derailed/k9s/releases/download/v0.50.18/k9s_Darwin_amd64.tar.gz"}
"platforms.windows-x64" = { checksum = "sha256:9d4e8672c4e55c04cb137475062bc88da7fc0878e04d53df181196449600da16", url = "https://github.com/derailed/k9s/releases/download/v0.50.18/k9s_Windows_amd64.zip"}

[[tools.kubectl]]
version = "1.35.1"
backend = "aqua:kubernetes/kubernetes/kubectl"
"platforms.linux-x64" = { checksum = "sha256:36e2f4ac66259232341dd7866952d64a958846470f6a9a6a813b9117bd965207", url = "https://dl.k8s.io/v1.35.1/bin/linux/amd64/kubectl"}

[[tools.neovim]]
version = "0.11.6"
backend = "vfox:mise-plugins/vfox-neovim"
"platforms.linux-arm64" = { url = "https://github.com/neovim/neovim/releases/download/v0.11.6/nvim-linux-x86_64.tar.gz"}
"platforms.linux-x64" = { url = "https://github.com/neovim/neovim/releases/download/v0.11.6/nvim-linux-x86_64.tar.gz"}
"platforms.macos-arm64" = { url = "https://github.com/neovim/neovim/releases/download/v0.11.6/nvim-linux-x86_64.tar.gz"}
"platforms.macos-x64" = { url = "https://github.com/neovim/neovim/releases/download/v0.11.6/nvim-linux-x86_64.tar.gz"}
"platforms.windows-x64" = { url = "https://github.com/neovim/neovim/releases/download/v0.11.6/nvim-linux-x86_64.tar.gz"}

[[tools.node]]
version = "25.6.1"
backend = "core:node"
"platforms.linux-x64" = { checksum = "sha256:3809fdbfd54829bad363b9db8e96ca3600509e2ff20ede74181cfc1ca8451ce3", url = "https://nodejs.org/dist/v25.6.1/node-v25.6.1-linux-x64.tar.gz"}

[[tools.npm]]
version = "11.10.0"
backend = "npm:npm"

[[tools."npm:@astrojs/language-server"]]
version = "2.16.3"
backend = "npm:@astrojs/language-server"

[[tools."npm:@slidev/cli"]]
version = "52.12.0"
backend = "npm:@slidev/cli"

[[tools."npm:@sveltejs/mcp"]]
version = "0.1.20"
backend = "npm:@sveltejs/mcp"

[[tools."npm:@upstash/context7-mcp"]]
version = "2.1.1"
backend = "npm:@upstash/context7-mcp"

[[tools."npm:@vtsls/language-server"]]
version = "0.3.0"
backend = "npm:@vtsls/language-server"

[[tools."npm:bash-language-server"]]
version = "5.6.0"
backend = "npm:bash-language-server"

[[tools."npm:svelte-language-server"]]
version = "0.17.25"
backend = "npm:svelte-language-server"

[[tools.oh-my-posh]]
version = "29.3.0"
backend = "aqua:JanDeDobbeleer/oh-my-posh"
"platforms.linux-x64" = { checksum = "sha256:96ae52f4987cd79ee2782f420512591603301b2b681ebc9f078e0a427900ff47", url = "https://github.com/JanDeDobbeleer/oh-my-posh/releases/download/v29.3.0/posh-linux-amd64"}

[[tools.pnpm]]
version = "10.29.3"
backend = "aqua:pnpm/pnpm"
"platforms.linux-x64" = { checksum = "sha256:2fc98db127c611be0c110af11b5b72759f7d736893dddc81df73b7b59b30f15a", url = "https://github.com/pnpm/pnpm/releases/download/v10.29.3/pnpm-linux-x64"}

[[tools.pulumi]]
version = "3.220.0"
backend = "aqua:pulumi/pulumi"
"platforms.linux-x64" = { checksum = "sha256:6f00c595e0c35821cd31903d7bb328a11c3c4bdad7acd59403fbb14cfcad45ff", url = "https://github.com/pulumi/pulumi/releases/download/v3.220.0/pulumi-v3.220.0-linux-x64.tar.gz"}

[[tools.python]]
version = "3.14.3"
backend = "core:python"

[[tools.ripgrep]]
version = "15.1.0"
backend = "aqua:BurntSushi/ripgrep"
"platforms.linux-arm64" = { checksum = "sha256:2b661c6ef508e902f388e9098d9c4c5aca72c87b55922d94abdba830b4dc885e", url = "https://github.com/BurntSushi/ripgrep/releases/download/15.1.0/ripgrep-15.1.0-aarch64-unknown-linux-gnu.tar.gz"}
"platforms.linux-x64" = { checksum = "sha256:1c9297be4a084eea7ecaedf93eb03d058d6faae29bbc57ecdaf5063921491599", url = "https://github.com/BurntSushi/ripgrep/releases/download/15.1.0/ripgrep-15.1.0-x86_64-unknown-linux-musl.tar.gz"}
"platforms.macos-arm64" = { checksum = "sha256:378e973289176ca0c6054054ee7f631a065874a352bf43f0fa60ef079b6ba715", url = "https://github.com/BurntSushi/ripgrep/releases/download/15.1.0/ripgrep-15.1.0-aarch64-apple-darwin.tar.gz"}
"platforms.macos-x64" = { checksum = "sha256:64811cb24e77cac3057d6c40b63ac9becf9082eedd54ca411b475b755d334882", url = "https://github.com/BurntSushi/ripgrep/releases/download/15.1.0/ripgrep-15.1.0-x86_64-apple-darwin.tar.gz"}
"platforms.windows-x64" = { checksum = "sha256:124510b94b6baa3380d051fdf4650eaa80a302c876d611e9dba0b2e18d87493a", url = "https://github.com/BurntSushi/ripgrep/releases/download/15.1.0/ripgrep-15.1.0-x86_64-pc-windows-msvc.zip"}

[[tools.ruff]]
version = "0.15.1"
backend = "aqua:astral-sh/ruff"
"platforms.linux-x64" = { checksum = "sha256:c8d04b4f6ce053809d98d1ef99f897c52e6204708bb157551ede7fbab505fea2", url = "https://github.com/astral-sh/ruff/releases/download/0.15.1/ruff-x86_64-unknown-linux-musl.tar.gz"}

[[tools.rust]]
version = "1.93.1"
backend = "core:rust"

[[tools.rust-analyzer]]
version = "2026-02-09"
backend = "aqua:rust-lang/rust-analyzer"
"platforms.linux-x64" = { checksum = "sha256:e9c7f35aa76c0d63a955f4d09536e289b2f35294f01ceceaecf316003bee2efa", url = "https://github.com/rust-lang/rust-analyzer/releases/download/2026-02-09/rust-analyzer-x86_64-unknown-linux-gnu.gz"}

[[tools.shellcheck]]
version = "0.11.0"
backend = "aqua:koalaman/shellcheck"
"platforms.linux-arm64" = { checksum = "sha256:12b331c1d2db6b9eb13cfca64306b1b157a86eb69db83023e261eaa7e7c14588", url = "https://github.com/koalaman/shellcheck/releases/download/v0.11.0/shellcheck-v0.11.0.linux.aarch64.tar.xz"}
"platforms.linux-x64" = { checksum = "sha256:8c3be12b05d5c177a04c29e3c78ce89ac86f1595681cab149b65b97c4e227198", url = "https://github.com/koalaman/shellcheck/releases/download/v0.11.0/shellcheck-v0.11.0.linux.x86_64.tar.xz"}
"platforms.macos-arm64" = { checksum = "sha256:56affdd8de5527894dca6dc3d7e0a99a873b0f004d7aabc30ae407d3f48b0a79", url = "https://github.com/koalaman/shellcheck/releases/download/v0.11.0/shellcheck-v0.11.0.darwin.aarch64.tar.xz"}
"platforms.macos-x64" = { checksum = "sha256:3c89db4edcab7cf1c27bff178882e0f6f27f7afdf54e859fa041fca10febe4c6", url = "https://github.com/koalaman/shellcheck/releases/download/v0.11.0/shellcheck-v0.11.0.darwin.x86_64.tar.xz"}
"platforms.windows-x64" = { checksum = "sha256:8a4e35ab0b331c85d73567b12f2a444df187f483e5079ceffa6bda1faa2e740e", url = "https://github.com/koalaman/shellcheck/releases/download/v0.11.0/shellcheck-v0.11.0.zip"}

[[tools.sops]]
version = "3.11.0"
backend = "aqua:getsops/sops"
"platforms.linux-arm64" = { checksum = "sha256:c71d32f74b3a73ce283affe6ed36e221a8f1476c3d37963f60bd962fb1676681", url = "https://github.com/getsops/sops/releases/download/v3.11.0/sops-v3.11.0.linux.arm64"}
"platforms.linux-x64" = { checksum = "sha256:775f1384d55decfad228e7196a3f683791914f92a473f78fc47700531c29dfef", url = "https://github.com/getsops/sops/releases/download/v3.11.0/sops-v3.11.0.linux.amd64"}
"platforms.macos-arm64" = { checksum = "sha256:45e7562b1f5d022c4d7a4e4c3d1b7b1a7ee6c328356629286cfd18a394b00e7c", url = "https://github.com/getsops/sops/releases/download/v3.11.0/sops-v3.11.0.darwin.arm64"}
"platforms.macos-x64" = { checksum = "sha256:c36583e178f7e83b947044b292e106e79615f7725f75cb147045fb0c81953e2b", url = "https://github.com/getsops/sops/releases/download/v3.11.0/sops-v3.11.0.darwin.amd64"}
"platforms.windows-x64" = { checksum = "sha256:f3d74d83006954f0d8cf770ad7e5380504270ded5a62f33eb2548ce5461af3b3", url = "https://github.com/getsops/sops/releases/download/v3.11.0/sops-v3.11.0.amd64.exe"}

[[tools.terraform]]
version = "1.14.5"
backend = "aqua:hashicorp/terraform"
"platforms.linux-x64" = { checksum = "sha256:ac21c2b9dcd115711f540cbd27ead0596bb4288a917cb56dfa9b25edb3eb6280", url = "https://releases.hashicorp.com/terraform/1.14.5/terraform_1.14.5_linux_amd64.zip"}

[[tools.terraform-ls]]
version = "0.38.4"
backend = "aqua:hashicorp/terraform-ls"
"platforms.linux-x64" = { checksum = "sha256:bdc9743dc3efd248bbe4b46db7d2ffd74945cca0e19909761f6b2687b5e7bb59", url = "https://releases.hashicorp.com/terraform-ls/0.38.4/terraform-ls_0.38.4_linux_amd64.zip"}

[[tools.tmux]]
version = "3.6a"
backend = "github:tmux/tmux-builds"
"platforms.linux-arm64" = { checksum = "sha256:bb5afd9d646df54a7d7c66e198aa22c7d293c7453534f1670f7c540534db8b5e", url = "https://github.com/tmux/tmux-builds/releases/download/v3.6a/tmux-3.6a-linux-arm64.tar.gz", url_api = "https://api.github.com/repos/tmux/tmux-builds/releases/assets/331787049"}
"platforms.linux-x64" = { checksum = "sha256:c0a772a5e6ca8f129b0111d10029a52e02bcbc8352d5a8c0d3de8466a1e59c2e", url = "https://github.com/tmux/tmux-builds/releases/download/v3.6a/tmux-3.6a-linux-x86_64.tar.gz", url_api = "https://api.github.com/repos/tmux/tmux-builds/releases/assets/331787044"}
"platforms.macos-arm64" = { checksum = "sha256:12b5b9f8696e1286897d946649c0a80d0169dd76e018d34476a1fbd34de89a0f", url = "https://github.com/tmux/tmux-builds/releases/download/v3.6a/tmux-3.6a-macos-arm64.tar.gz", url_api = "https://api.github.com/repos/tmux/tmux-builds/releases/assets/331787046"}
"platforms.macos-x64" = { checksum = "sha256:b9b12eaeba43acf5671acf3857d947525440b544185a8db34ea557199a090251", url = "https://github.com/tmux/tmux-builds/releases/download/v3.6a/tmux-3.6a-macos-x86_64.tar.gz", url_api = "https://api.github.com/repos/tmux/tmux-builds/releases/assets/331787045"}
"platforms.windows-x64" = { checksum = "sha256:8c2baf3d33c70512d1ee77ae2b337991a32eaae8e1cc47e597a2a77e78209ed6", url = "https://github.com/tmux/tmux-builds/releases/download/v3.6a/LICENSES.tar.gz", url_api = "https://api.github.com/repos/tmux/tmux-builds/releases/assets/331787047"}

[[tools.trufflehog]]
version = "3.93.3"
backend = "aqua:trufflesecurity/trufflehog"
"platforms.linux-x64" = { checksum = "sha256:62af52009a462a50421ca723424e41e0b3a1c8725d74b56de10e49d215ce8545", url = "https://github.com/trufflesecurity/trufflehog/releases/download/v3.93.3/trufflehog_3.93.3_linux_amd64.tar.gz"}

[[tools.uv]]
version = "0.10.2"
backend = "aqua:astral-sh/uv"
"platforms.linux-x64" = { checksum = "sha256:c162182ba7dd692794362d76dd183990d6e51553217954106da19bdb6ced211b", url = "https://github.com/astral-sh/uv/releases/download/0.10.2/uv-x86_64-unknown-linux-musl.tar.gz"}

[[tools.yq]]
version = "4.52.2"
backend = "aqua:mikefarah/yq"
"platforms.linux-arm64" = { checksum = "sha256:c82856ac30da522f50dcdd4f53065487b5a2927e9b87ff637956900986f1f7c2", url = "https://github.com/mikefarah/yq/releases/download/v4.52.2/yq_linux_arm64"}
"platforms.linux-x64" = { checksum = "sha256:a74bd266990339e0c48a2103534aef692abf99f19390d12c2b0ce6830385c459", url = "https://github.com/mikefarah/yq/releases/download/v4.52.2/yq_linux_amd64"}
"platforms.macos-arm64" = { checksum = "sha256:34613ea97c4c77e1894a8978dbf72588d187a69a6292c10dab396c767a1ecde7", url = "https://github.com/mikefarah/yq/releases/download/v4.52.2/yq_darwin_arm64"}
"platforms.macos-x64" = { checksum = "sha256:54a63555210e73abed09108097072e28bf82a6bb20439a72b55509c4dd42378d", url = "https://github.com/mikefarah/yq/releases/download/v4.52.2/yq_darwin_amd64"}
"platforms.windows-x64" = { checksum = "sha256:2b6cd8974004fa0511f6b6b359d2698214fadeb4599f0b00e8d85ae62b3922d4", url = "https://github.com/mikefarah/yq/releases/download/v4.52.2/yq_windows_amd64.exe"}

[[tools.zoxide]]
version = "0.9.9"
backend = "aqua:ajeetdsouza/zoxide"
"platforms.linux-arm64" = { checksum = "sha256:96e6ea2e47a71db42cb7ad5a36e9209c8cb3708f8ae00f6945573d0d93315cb0", url = "https://github.com/ajeetdsouza/zoxide/releases/download/v0.9.9/zoxide-0.9.9-aarch64-unknown-linux-musl.tar.gz"}
"platforms.linux-x64" = { checksum = "sha256:4ff057d3c4d957946937274c2b8be7af2a9bbae7f90a1b5e9baaa7cb65a20caa", url = "https://github.com/ajeetdsouza/zoxide/releases/download/v0.9.9/zoxide-0.9.9-x86_64-unknown-linux-musl.tar.gz"}
"platforms.macos-arm64" = { checksum = "sha256:57e733d0436309dae2ed97e46bba43937209395298e1d88812d4e893900cb40a", url = "https://github.com/ajeetdsouza/zoxide/releases/download/v0.9.9/zoxide-0.9.9-aarch64-apple-darwin.tar.gz"}
"platforms.macos-x64" = { checksum = "sha256:364249cff18354397c72ebb6b8f7358404c051c486e0f2f7a46e36c86c16f8c7", url = "https://github.com/ajeetdsouza/zoxide/releases/download/v0.9.9/zoxide-0.9.9-x86_64-apple-darwin.tar.gz"}
"platforms.windows-x64" = { checksum = "sha256:5af00d0916f05631e3030537289eac56605e7c1733318c4d525c8e847f12496d", url = "https://github.com/ajeetdsouza/zoxide/releases/download/v0.9.9/zoxide-0.9.9-x86_64-pc-windows-msvc.zip"}
